{
  "name": "workspace",
  "version": "1.0.0",
  "lockfileVersion": 2,
  "requires": true,
  "packages": {
    "": {
      "name": "workspace",
      "version": "1.0.0",
      "license": "ISC",
      "dependencies": {
        "ev-emitter": "^2.1.2",
        "ev-emitter2": "https://github.com/pgliang001/ev-emitter.git"
      }
    },
    "node_modules/ev-emitter": {
      "version": "2.1.2",
      "resolved": "https://registry.npmjs.org/ev-emitter/-/ev-emitter-2.1.2.tgz",
      "integrity": "sha512-jQ5Ql18hdCQ4qS+RCrbLfz1n+Pags27q5TwMKvZyhp5hh2UULUYZUy1keqj6k6SYsdqIYjnmz7xyyEY0V67B8Q=="
    },
    "node_modules/ev-emitter2": {
      "name": "ev-emitter",
      "version": "2.1.2",
      "resolved": "git+ssh://git@github.com/pgliang001/ev-emitter.git#ac2c64fac6aa7fb0d885811833f66683e6e538d7",
      "license": "MIT"
    }
  },
  "dependencies": {
    "ev-emitter": {
      "version": "2.1.2",
      "resolved": "https://registry.npmjs.org/ev-emitter/-/ev-emitter-2.1.2.tgz",
      "integrity": "sha512-jQ5Ql18hdCQ4qS+RCrbLfz1n+Pags27q5TwMKvZyhp5hh2UULUYZUy1keqj6k6SYsdqIYjnmz7xyyEY0V67B8Q=="
    },
    "ev-emitter2": {
      "version": "git+ssh://git@github.com/pgliang001/ev-emitter.git#ac2c64fac6aa7fb0d885811833f66683e6e538d7",
      "from": "ev-emitter2@https://github.com/pgliang001/ev-emitter.git"
    }
  }
}
